
Microsoft Visual Studio Solution File, Format Version 12.00
# Visual Studio Version 16
VisualStudioVersion = 16.0.29519.181
MinimumVisualStudioVersion = 10.0.40219.1
Project("{2150E333-8FDC-42A3-9474-1A3956D46DE8}") = "Solution Items", "Solution Items", "{3DB8D2B0-31C5-496A-B000-0F1CA5EA4808}"
	ProjectSection(SolutionItems) = preProject
		.editorconfig = .editorconfig
		.gitattributes = .gitattributes
		.gitignore = .gitignore
		LICENSE = LICENSE
		README.md = README.md
	EndProjectSection
EndProject
Project("{2150E333-8FDC-42A3-9474-1A3956D46DE8}") = "build", "build", "{5EC3A886-352D-490B-90F0-F0EEA56C959F}"
	ProjectSection(SolutionItems) = preProject
		.codecov.yml = .codecov.yml
		build.sh = build.sh
		Directory.Build.props = Directory.Build.props
	EndProjectSection
EndProject
Project("{2150E333-8FDC-42A3-9474-1A3956D46DE8}") = "source", "source", "{268A95A5-C460-4DE4-8FC5-BE0E893FE53B}"
EndProject
Project("{9A19103F-16F7-4668-BE54-9A1E7A4F7556}") = "gfoidl.DataCompression", "source\gfoidl.DataCompression\gfoidl.DataCompression.csproj", "{29272C88-B76B-4304-80DF-B3BBAF5597FF}"
EndProject
Project("{2150E333-8FDC-42A3-9474-1A3956D46DE8}") = "tests", "tests", "{FA237ECE-D45A-4B49-885E-D75414AF1A7A}"
	ProjectSection(SolutionItems) = preProject
		tests\Directory.Build.props = tests\Directory.Build.props
	EndProjectSection
EndProject
Project("{9A19103F-16F7-4668-BE54-9A1E7A4F7556}") = "gfoidl.DataCompression.Tests", "tests\gfoidl.DataCompression.Tests\gfoidl.DataCompression.Tests.csproj", "{B4E33EBE-7C68-45F3-B5A5-1FDB79CCDF1B}"
EndProject
Project("{2150E333-8FDC-42A3-9474-1A3956D46DE8}") = "doc", "doc", "{F4F7883D-A56E-4FAF-B52A-994795FB2200}"
	ProjectSection(SolutionItems) = preProject
		doc\DeadBand.md = doc\DeadBand.md
		README.md = README.md
		doc\SwingingDoor.md = doc\SwingingDoor.md
	EndProjectSection
EndProject
Project("{2150E333-8FDC-42A3-9474-1A3956D46DE8}") = "images", "images", "{A5127EF4-21CC-4AE9-AAF1-D7B5F52C3F52}"
	ProjectSection(SolutionItems) = preProject
		doc\images\dead-band_error.png = doc\images\dead-band_error.png
		doc\images\dead-band_maxDelta.png = doc\images\dead-band_maxDelta.png
		doc\images\dead-band_trend.png = doc\images\dead-band_trend.png
		doc\images\DeadBand_01.jpg = doc\images\DeadBand_01.jpg
		doc\images\DeadBand_02.png = doc\images\DeadBand_02.png
		doc\images\demo_01.png = doc\images\demo_01.png
		doc\images\demo_02.png = doc\images\demo_02.png
		doc\images\demo_03.png = doc\images\demo_03.png
		doc\images\swinging-door_01.png = doc\images\swinging-door_01.png
		doc\images\swinging-door_02.png = doc\images\swinging-door_02.png
		doc\images\swinging-door_error.png = doc\images\swinging-door_error.png
		doc\images\swinging-door_maxDelta.png = doc\images\swinging-door_maxDelta.png
		doc\images\swinging-door_trend.png = doc\images\swinging-door_trend.png
	EndProjectSection
EndProject
Project("{2150E333-8FDC-42A3-9474-1A3956D46DE8}") = "data", "data", "{ACB7B17E-4060-4D2D-9497-1FBBA65A1540}"
EndProject
Project("{2150E333-8FDC-42A3-9474-1A3956D46DE8}") = "demos", "demos", "{26C3FC5E-B8F2-4B7E-B264-7EC29772DC7C}"
	ProjectSection(SolutionItems) = preProject
		demos\Directory.Build.props = demos\Directory.Build.props
	EndProjectSection
EndProject
Project("{9A19103F-16F7-4668-BE54-9A1E7A4F7556}") = "gfoidl.DataCompression.Demos.DeadBand", "demos\gfoidl.DataCompression.Demos.DeadBand\gfoidl.DataCompression.Demos.DeadBand.csproj", "{28907718-5258-47D9-BBFA-2B3F86E7E3C4}"
EndProject
Project("{9A19103F-16F7-4668-BE54-9A1E7A4F7556}") = "gfoidl.DataCompression.Demos.DeadBand.Stats", "demos\gfoidl.DataCompression.Demos.DeadBand.Stats\gfoidl.DataCompression.Demos.DeadBand.Stats.csproj", "{2859C6F2-0DB8-408D-8E30-25CD68E2EB4A}"
EndProject
Project("{2150E333-8FDC-42A3-9474-1A3956D46DE8}") = "dead-band", "dead-band", "{BE1AA93D-4AA2-4E1B-A1D1-1414354A7EA9}"
	ProjectSection(SolutionItems) = preProject
		doc\data\dead-band\maxDelta.plt = doc\data\dead-band\maxDelta.plt
		doc\data\dead-band\maxDelta_compressed.csv = doc\data\dead-band\maxDelta_compressed.csv
		doc\data\dead-band\maxDelta_raw.csv = doc\data\dead-band\maxDelta_raw.csv
		doc\data\dead-band\trend.plt = doc\data\dead-band\trend.plt
		doc\data\dead-band\trend_compressed.csv = doc\data\dead-band\trend_compressed.csv
		doc\data\dead-band\trend_raw.csv = doc\data\dead-band\trend_raw.csv
	EndProjectSection
EndProject
Project("{2150E333-8FDC-42A3-9474-1A3956D46DE8}") = "swinging-door", "swinging-door", "{FBC97E83-38B4-4F39-A44A-3029A92A5511}"
	ProjectSection(SolutionItems) = preProject
		doc\data\swinging-door\maxDelta.plt = doc\data\swinging-door\maxDelta.plt
		doc\data\swinging-door\maxDelta_compressed.csv = doc\data\swinging-door\maxDelta_compressed.csv
		doc\data\swinging-door\maxDelta_raw.csv = doc\data\swinging-door\maxDelta_raw.csv
		doc\data\swinging-door\trend.plt = doc\data\swinging-door\trend.plt
		doc\data\swinging-door\trend_compressed.csv = doc\data\swinging-door\trend_compressed.csv
		doc\data\swinging-door\trend_raw.csv = doc\data\swinging-door\trend_raw.csv
	EndProjectSection
EndProject
Project("{9A19103F-16F7-4668-BE54-9A1E7A4F7556}") = "gfoidl.DataCompression.Demos.SwingingDoor", "demos\gfoidl.DataCompression.Demos.SwingingDoor\gfoidl.DataCompression.Demos.SwingingDoor.csproj", "{42F09005-5F2C-4D14-A2DF-9F48860E4FF4}"
EndProject
Project("{9A19103F-16F7-4668-BE54-9A1E7A4F7556}") = "gfoidl.DataCompression.Demos.SwingingDoor.Stats", "demos\gfoidl.DataCompression.Demos.SwingingDoor.Stats\gfoidl.DataCompression.Demos.SwingingDoor.Stats.csproj", "{CA7CE85B-B676-4F4A-8B40-978BB87E78A6}"
EndProject
Project("{9A19103F-16F7-4668-BE54-9A1E7A4F7556}") = "gfoidl.DataCompression.Demos.LiveData", "demos\gfoidl.DataCompression.Demos.LiveData\gfoidl.DataCompression.Demos.LiveData.csproj", "{76F6F753-4F3F-4AC3-9DB0-324176F9A143}"
EndProject
Project("{2150E333-8FDC-42A3-9474-1A3956D46DE8}") = ".circleci", ".circleci", "{4461519B-5A2E-4B38-A93B-B561244C05C8}"
	ProjectSection(SolutionItems) = preProject
		.circleci\config.yml = .circleci\config.yml
	EndProjectSection
EndProject
Project("{2150E333-8FDC-42A3-9474-1A3956D46DE8}") = "perf", "perf", "{CEFBCCE8-6F5E-483A-97D2-58907F7BCE24}"
	ProjectSection(SolutionItems) = preProject
		perf\Directory.Build.props = perf\Directory.Build.props
	EndProjectSection
EndProject
Project("{9A19103F-16F7-4668-BE54-9A1E7A4F7556}") = "gfoidl.DataCompression.Benchmarks", "perf\gfoidl.DataCompression.Benchmarks\gfoidl.DataCompression.Benchmarks.csproj", "{81D55029-F85F-4624-BAA1-7128A6FA1A66}"
EndProject
Project("{9A19103F-16F7-4668-BE54-9A1E7A4F7556}") = "gfoidl.DataCompression.Demos.Async", "demos\gfoidl.DataCompression.Demos.Async\gfoidl.DataCompression.Demos.Async.csproj", "{9C0564C7-5902-40C1-9883-887BF7AC2187}"
EndProject
Project("{FAE04EC0-301F-11D3-BF4B-00C04F79EFBC}") = "gfoidl.DataCompression.ProfilingDemo", "perf\gfoidl.DataCompression.ProfilingDemo\gfoidl.DataCompression.ProfilingDemo.csproj", "{09AB77CA-1C03-4C3B-96B7-9A05E0DDD4C9}"
EndProject
Global
	GlobalSection(SolutionConfigurationPlatforms) = preSolution
		Debug|Any CPU = Debug|Any CPU
		Release|Any CPU = Release|Any CPU
	EndGlobalSection
	GlobalSection(ProjectConfigurationPlatforms) = postSolution
		{29272C88-B76B-4304-80DF-B3BBAF5597FF}.Debug|Any CPU.ActiveCfg = Debug|Any CPU
		{29272C88-B76B-4304-80DF-B3BBAF5597FF}.Debug|Any CPU.Build.0 = Debug|Any CPU
		{29272C88-B76B-4304-80DF-B3BBAF5597FF}.Release|Any CPU.ActiveCfg = Release|Any CPU
		{29272C88-B76B-4304-80DF-B3BBAF5597FF}.Release|Any CPU.Build.0 = Release|Any CPU
		{B4E33EBE-7C68-45F3-B5A5-1FDB79CCDF1B}.Debug|Any CPU.ActiveCfg = Debug|Any CPU
		{B4E33EBE-7C68-45F3-B5A5-1FDB79CCDF1B}.Debug|Any CPU.Build.0 = Debug|Any CPU
		{B4E33EBE-7C68-45F3-B5A5-1FDB79CCDF1B}.Release|Any CPU.ActiveCfg = Release|Any CPU
		{B4E33EBE-7C68-45F3-B5A5-1FDB79CCDF1B}.Release|Any CPU.Build.0 = Release|Any CPU
		{28907718-5258-47D9-BBFA-2B3F86E7E3C4}.Debug|Any CPU.ActiveCfg = Debug|Any CPU
		{28907718-5258-47D9-BBFA-2B3F86E7E3C4}.Debug|Any CPU.Build.0 = Debug|Any CPU
		{28907718-5258-47D9-BBFA-2B3F86E7E3C4}.Release|Any CPU.ActiveCfg = Release|Any CPU
		{28907718-5258-47D9-BBFA-2B3F86E7E3C4}.Release|Any CPU.Build.0 = Release|Any CPU
		{2859C6F2-0DB8-408D-8E30-25CD68E2EB4A}.Debug|Any CPU.ActiveCfg = Debug|Any CPU
		{2859C6F2-0DB8-408D-8E30-25CD68E2EB4A}.Debug|Any CPU.Build.0 = Debug|Any CPU
		{2859C6F2-0DB8-408D-8E30-25CD68E2EB4A}.Release|Any CPU.ActiveCfg = Release|Any CPU
		{2859C6F2-0DB8-408D-8E30-25CD68E2EB4A}.Release|Any CPU.Build.0 = Release|Any CPU
		{42F09005-5F2C-4D14-A2DF-9F48860E4FF4}.Debug|Any CPU.ActiveCfg = Debug|Any CPU
		{42F09005-5F2C-4D14-A2DF-9F48860E4FF4}.Debug|Any CPU.Build.0 = Debug|Any CPU
		{42F09005-5F2C-4D14-A2DF-9F48860E4FF4}.Release|Any CPU.ActiveCfg = Release|Any CPU
		{42F09005-5F2C-4D14-A2DF-9F48860E4FF4}.Release|Any CPU.Build.0 = Release|Any CPU
		{CA7CE85B-B676-4F4A-8B40-978BB87E78A6}.Debug|Any CPU.ActiveCfg = Debug|Any CPU
		{CA7CE85B-B676-4F4A-8B40-978BB87E78A6}.Debug|Any CPU.Build.0 = Debug|Any CPU
		{CA7CE85B-B676-4F4A-8B40-978BB87E78A6}.Release|Any CPU.ActiveCfg = Release|Any CPU
		{CA7CE85B-B676-4F4A-8B40-978BB87E78A6}.Release|Any CPU.Build.0 = Release|Any CPU
		{76F6F753-4F3F-4AC3-9DB0-324176F9A143}.Debug|Any CPU.ActiveCfg = Debug|Any CPU
		{76F6F753-4F3F-4AC3-9DB0-324176F9A143}.Debug|Any CPU.Build.0 = Debug|Any CPU
		{76F6F753-4F3F-4AC3-9DB0-324176F9A143}.Release|Any CPU.ActiveCfg = Release|Any CPU
		{76F6F753-4F3F-4AC3-9DB0-324176F9A143}.Release|Any CPU.Build.0 = Release|Any CPU
		{81D55029-F85F-4624-BAA1-7128A6FA1A66}.Debug|Any CPU.ActiveCfg = Debug|Any CPU
		{81D55029-F85F-4624-BAA1-7128A6FA1A66}.Debug|Any CPU.Build.0 = Debug|Any CPU
		{81D55029-F85F-4624-BAA1-7128A6FA1A66}.Release|Any CPU.ActiveCfg = Release|Any CPU
		{81D55029-F85F-4624-BAA1-7128A6FA1A66}.Release|Any CPU.Build.0 = Release|Any CPU
		{9C0564C7-5902-40C1-9883-887BF7AC2187}.Debug|Any CPU.ActiveCfg = Debug|Any CPU
		{9C0564C7-5902-40C1-9883-887BF7AC2187}.Debug|Any CPU.Build.0 = Debug|Any CPU
		{9C0564C7-5902-40C1-9883-887BF7AC2187}.Release|Any CPU.ActiveCfg = Release|Any CPU
		{9C0564C7-5902-40C1-9883-887BF7AC2187}.Release|Any CPU.Build.0 = Release|Any CPU
		{09AB77CA-1C03-4C3B-96B7-9A05E0DDD4C9}.Debug|Any CPU.ActiveCfg = Debug|Any CPU
		{09AB77CA-1C03-4C3B-96B7-9A05E0DDD4C9}.Debug|Any CPU.Build.0 = Debug|Any CPU
		{09AB77CA-1C03-4C3B-96B7-9A05E0DDD4C9}.Release|Any CPU.ActiveCfg = Release|Any CPU
		{09AB77CA-1C03-4C3B-96B7-9A05E0DDD4C9}.Release|Any CPU.Build.0 = Release|Any CPU
	EndGlobalSection
	GlobalSection(SolutionProperties) = preSolution
		HideSolutionNode = FALSE
	EndGlobalSection
	GlobalSection(NestedProjects) = preSolution
		{29272C88-B76B-4304-80DF-B3BBAF5597FF} = {268A95A5-C460-4DE4-8FC5-BE0E893FE53B}
		{B4E33EBE-7C68-45F3-B5A5-1FDB79CCDF1B} = {FA237ECE-D45A-4B49-885E-D75414AF1A7A}
		{A5127EF4-21CC-4AE9-AAF1-D7B5F52C3F52} = {F4F7883D-A56E-4FAF-B52A-994795FB2200}
		{ACB7B17E-4060-4D2D-9497-1FBBA65A1540} = {F4F7883D-A56E-4FAF-B52A-994795FB2200}
		{28907718-5258-47D9-BBFA-2B3F86E7E3C4} = {26C3FC5E-B8F2-4B7E-B264-7EC29772DC7C}
		{2859C6F2-0DB8-408D-8E30-25CD68E2EB4A} = {26C3FC5E-B8F2-4B7E-B264-7EC29772DC7C}
		{BE1AA93D-4AA2-4E1B-A1D1-1414354A7EA9} = {ACB7B17E-4060-4D2D-9497-1FBBA65A1540}
		{FBC97E83-38B4-4F39-A44A-3029A92A5511} = {ACB7B17E-4060-4D2D-9497-1FBBA65A1540}
		{42F09005-5F2C-4D14-A2DF-9F48860E4FF4} = {26C3FC5E-B8F2-4B7E-B264-7EC29772DC7C}
		{CA7CE85B-B676-4F4A-8B40-978BB87E78A6} = {26C3FC5E-B8F2-4B7E-B264-7EC29772DC7C}
		{76F6F753-4F3F-4AC3-9DB0-324176F9A143} = {26C3FC5E-B8F2-4B7E-B264-7EC29772DC7C}
		{4461519B-5A2E-4B38-A93B-B561244C05C8} = {5EC3A886-352D-490B-90F0-F0EEA56C959F}
		{81D55029-F85F-4624-BAA1-7128A6FA1A66} = {CEFBCCE8-6F5E-483A-97D2-58907F7BCE24}
		{9C0564C7-5902-40C1-9883-887BF7AC2187} = {26C3FC5E-B8F2-4B7E-B264-7EC29772DC7C}
		{09AB77CA-1C03-4C3B-96B7-9A05E0DDD4C9} = {CEFBCCE8-6F5E-483A-97D2-58907F7BCE24}
	EndGlobalSection
	GlobalSection(ExtensibilityGlobals) = postSolution
		SolutionGuid = {BB4A29EA-001D-4E57-BBF5-C442F27797AE}
	EndGlobalSection
EndGlobal
